
Microsoft Visual Studio Solution File, Format Version 12.00
Project("{FAE04EC0-301F-11D3-BF4B-00C04F79EFBC}") = "SecretsManagement.Api", "SecretsManagement.Api\SecretsManagement.Api.csproj", "{885DC4E6-15F4-4EC3-8B6A-0068F51B37B7}"
EndProject
Project("{FAE04EC0-301F-11D3-BF4B-00C04F79EFBC}") = "SecretsManagement.Example", "SecretsManagement.Example\SecretsManagement.Example.csproj", "{0B31537A-483A-4C92-BD28-8D8EA3B89E43}"
EndProject
Global
	GlobalSection(SolutionConfigurationPlatforms) = preSolution
		Debug|Any CPU = Debug|Any CPU
		Release|Any CPU = Release|Any CPU
	EndGlobalSection
	GlobalSection(ProjectConfigurationPlatforms) = postSolution
		{885DC4E6-15F4-4EC3-8B6A-0068F51B37B7}.Debug|Any CPU.ActiveCfg = Debug|Any CPU
		{885DC4E6-15F4-4EC3-8B6A-0068F51B37B7}.Debug|Any CPU.Build.0 = Debug|Any CPU
		{885DC4E6-15F4-4EC3-8B6A-0068F51B37B7}.Release|Any CPU.ActiveCfg = Release|Any CPU
		{885DC4E6-15F4-4EC3-8B6A-0068F51B37B7}.Release|Any CPU.Build.0 = Release|Any CPU
		{0B31537A-483A-4C92-BD28-8D8EA3B89E43}.Debug|Any CPU.ActiveCfg = Debug|Any CPU
		{0B31537A-483A-4C92-BD28-8D8EA3B89E43}.Debug|Any CPU.Build.0 = Debug|Any CPU
		{0B31537A-483A-4C92-BD28-8D8EA3B89E43}.Release|Any CPU.ActiveCfg = Release|Any CPU
		{0B31537A-483A-4C92-BD28-8D8EA3B89E43}.Release|Any CPU.Build.0 = Release|Any CPU
	EndGlobalSection
EndGlobal
