
Microsoft Visual Studio Solution File, Format Version 12.00
Project("{FAE04EC0-301F-11D3-BF4B-00C04F79EFBC}") = "RuntimeLambda", "RuntimeLambda\RuntimeLambda.csproj", "{0875646B-9B7E-41AC-918A-B9DEA67869E4}"
EndProject
Project("{FAE04EC0-301F-11D3-BF4B-00C04F79EFBC}") = "NativeAotLambda", "NativeAotLambda\NativeAotLambda.csproj", "{FEF46115-AFDE-4583-B681-909D064E978D}"
EndProject
Global
	GlobalSection(SolutionConfigurationPlatforms) = preSolution
		Debug|Any CPU = Debug|Any CPU
		Release|Any CPU = Release|Any CPU
	EndGlobalSection
	GlobalSection(ProjectConfigurationPlatforms) = postSolution
		{0875646B-9B7E-41AC-918A-B9DEA67869E4}.Debug|Any CPU.ActiveCfg = Debug|Any CPU
		{0875646B-9B7E-41AC-918A-B9DEA67869E4}.Debug|Any CPU.Build.0 = Debug|Any CPU
		{0875646B-9B7E-41AC-918A-B9DEA67869E4}.Release|Any CPU.ActiveCfg = Release|Any CPU
		{0875646B-9B7E-41AC-918A-B9DEA67869E4}.Release|Any CPU.Build.0 = Release|Any CPU
		{FEF46115-AFDE-4583-B681-909D064E978D}.Debug|Any CPU.ActiveCfg = Debug|Any CPU
		{FEF46115-AFDE-4583-B681-909D064E978D}.Debug|Any CPU.Build.0 = Debug|Any CPU
		{FEF46115-AFDE-4583-B681-909D064E978D}.Release|Any CPU.ActiveCfg = Release|Any CPU
		{FEF46115-AFDE-4583-B681-909D064E978D}.Release|Any CPU.Build.0 = Release|Any CPU
	EndGlobalSection
EndGlobal
